# THIS IS AN AUTOGENERATED FILE. DO NOT EDIT THIS FILE DIRECTLY.
# yarn lockfile v1


moment-timezone@^0.5.23:
  version "0.5.23"
  resolved "https://registry.yarnpkg.com/moment-timezone/-/moment-timezone-0.5.23.tgz#7cbb00db2c14c71b19303cb47b0fb0a6d8651463"
  integrity sha512-WHFH85DkCfiNMDX5D3X7hpNH3/PUhjTGcD0U1SgfBGZxJ3qUmJh5FdvaFjcClxOvB3rzdfj4oRffbI38jEnC1w==
  dependencies:
    moment ">= 2.9.0"

"moment@>= 2.9.0":
  version "2.23.0"
  resolved "https://registry.yarnpkg.com/moment/-/moment-2.23.0.tgz#759ea491ac97d54bac5ad776996e2a58cc1bc225"
  integrity sha512-3IE39bHVqFbWWaPOMHZF98Q9c3LDKGTmypMiTM2QygGXXElkFWIH7GxfmlwmY2vwa+wmNsoYZmG2iusf1ZjJoA==
